
Microsoft Visual Studio Solution File, Format Version 12.00
# Visual Studio Version 17
VisualStudioVersion = 17.11.35312.102
MinimumVisualStudioVersion = 10.0.40219.1
Project("{FAE04EC0-301F-11D3-BF4B-00C04F79EFBC}") = "EczaneDBApp", "EczaneDBApp.csproj", "{B7CD447B-0883-4014-BE94-1DD0F9C8743D}"
EndProject
Global
	GlobalSection(SolutionConfigurationPlatforms) = preSolution
		Debug|Any CPU = Debug|Any CPU
		Release|Any CPU = Release|Any CPU
	EndGlobalSection
	GlobalSection(ProjectConfigurationPlatforms) = postSolution
		{B7CD447B-0883-4014-BE94-1DD0F9C8743D}.Debug|Any CPU.ActiveCfg = Debug|Any CPU
		{B7CD447B-0883-4014-BE94-1DD0F9C8743D}.Debug|Any CPU.Build.0 = Debug|Any CPU
		{B7CD447B-0883-4014-BE94-1DD0F9C8743D}.Release|Any CPU.ActiveCfg = Release|Any CPU
		{B7CD447B-0883-4014-BE94-1DD0F9C8743D}.Release|Any CPU.Build.0 = Release|Any CPU
	EndGlobalSection
	GlobalSection(SolutionProperties) = preSolution
		HideSolutionNode = FALSE
	EndGlobalSection
	GlobalSection(ExtensibilityGlobals) = postSolution
		SolutionGuid = {1BB50807-DFBD-4F84-9B07-2171CEF6D674}
	EndGlobalSection
EndGlobal
